// !$*UTF8*$!
{
	archiveVersion = 1;
	classes = {
	};
	objectVersion = 56;
	objects = {

/* Begin PBXBuildFile section */
		546B6E4D2B1284BA00653827 /* Tests in Resources */ = {isa = PBXBuildFile; fileRef = 546B6E4C2B1284BA00653827 /* Tests */; };
		546B6E4F2B1284D200653827 /* TriangulationTestBank.swift in Sources */ = {isa = PBXBuildFile; fileRef = 546B6E4E2B1284D200653827 /* TriangulationTestBank.swift */; };
		546E138D2A8F5F8900AE53C6 /* iDebug in Frameworks */ = {isa = PBXBuildFile; productRef = 546E138C2A8F5F8900AE53C6 /* iDebug */; };
		546E138F2A8F5F8900AE53C6 /* iFixFloat in Frameworks */ = {isa = PBXBuildFile; productRef = 546E138E2A8F5F8900AE53C6 /* iFixFloat */; };
		546E13912A8F5F8900AE53C6 /* iOverlay in Frameworks */ = {isa = PBXBuildFile; productRef = 546E13902A8F5F8900AE53C6 /* iOverlay */; };
		546E13932A8F5F8900AE53C6 /* iShape in Frameworks */ = {isa = PBXBuildFile; productRef = 546E13922A8F5F8900AE53C6 /* iShape */; };
		546E13952A8F5F8900AE53C6 /* iTriangle in Frameworks */ = {isa = PBXBuildFile; productRef = 546E13942A8F5F8900AE53C6 /* iTriangle */; };
		54B9F4042AE9A16C00D41836 /* ConvexScene.swift in Sources */ = {isa = PBXBuildFile; fileRef = 54B9F4032AE9A16C00D41836 /* ConvexScene.swift */; };
		54B9F4062AE9A19300D41836 /* ConvexSceneView.swift in Sources */ = {isa = PBXBuildFile; fileRef = 54B9F4052AE9A19300D41836 /* ConvexSceneView.swift */; };
		54D994612A8A79C100C52A86 /* ConditionScene.swift in Sources */ = {isa = PBXBuildFile; fileRef = 54D994602A8A79C100C52A86 /* ConditionScene.swift */; };
		54D994632A8A79CF00C52A86 /* ConditionSceneView.swift in Sources */ = {isa = PBXBuildFile; fileRef = 54D994622A8A79CF00C52A86 /* ConditionSceneView.swift */; };
		54D994652A8A7A1300C52A86 /* ConditionTestStore.swift in Sources */ = {isa = PBXBuildFile; fileRef = 54D994642A8A7A1300C52A86 /* ConditionTestStore.swift */; };
		54E32C082A8B937B008C56F8 /* DynamicScene.swift in Sources */ = {isa = PBXBuildFile; fileRef = 54E32C072A8B937B008C56F8 /* DynamicScene.swift */; };
		54E32C0A2A8B938D008C56F8 /* DynamicSceneView.swift in Sources */ = {isa = PBXBuildFile; fileRef = 54E32C092A8B938D008C56F8 /* DynamicSceneView.swift */; };
		54E32C0C2A8B95DB008C56F8 /* StarTestStore.swift in Sources */ = {isa = PBXBuildFile; fileRef = 54E32C0B2A8B95DB008C56F8 /* StarTestStore.swift */; };
		54EBB0342A5C3FE000E4E31F /* iTriangleDebugApp.swift in Sources */ = {isa = PBXBuildFile; fileRef = 54EBB0332A5C3FE000E4E31F /* iTriangleDebugApp.swift */; };
		54EBB0362A5C3FE000E4E31F /* MainView.swift in Sources */ = {isa = PBXBuildFile; fileRef = 54EBB0352A5C3FE000E4E31F /* MainView.swift */; };
		54EBB0382A5C3FE100E4E31F /* Assets.xcassets in Resources */ = {isa = PBXBuildFile; fileRef = 54EBB0372A5C3FE100E4E31F /* Assets.xcassets */; };
		54EBB03C2A5C3FE100E4E31F /* Preview Assets.xcassets in Resources */ = {isa = PBXBuildFile; fileRef = 54EBB03B2A5C3FE100E4E31F /* Preview Assets.xcassets */; };
		54EBB0462A5C40B900E4E31F /* SceneContainer.swift in Sources */ = {isa = PBXBuildFile; fileRef = 54EBB0452A5C40B900E4E31F /* SceneContainer.swift */; };
		54EBB0482A5C40E000E4E31F /* TestStore.swift in Sources */ = {isa = PBXBuildFile; fileRef = 54EBB0472A5C40E000E4E31F /* TestStore.swift */; };
		54EBB04C2A5C416600E4E31F /* MonotoneScene.swift in Sources */ = {isa = PBXBuildFile; fileRef = 54EBB04B2A5C416600E4E31F /* MonotoneScene.swift */; };
		54EBB04E2A5C417100E4E31F /* MonotoneSceneView.swift in Sources */ = {isa = PBXBuildFile; fileRef = 54EBB04D2A5C417100E4E31F /* MonotoneSceneView.swift */; };
		54EBB0502A5C417C00E4E31F /* TVert.swift in Sources */ = {isa = PBXBuildFile; fileRef = 54EBB04F2A5C417C00E4E31F /* TVert.swift */; };
		54EBB0522A5C418900E4E31F /* MPoly.swift in Sources */ = {isa = PBXBuildFile; fileRef = 54EBB0512A5C418900E4E31F /* MPoly.swift */; };
		54EBB05A2A5C422800E4E31F /* TriangleTestStore.swift in Sources */ = {isa = PBXBuildFile; fileRef = 54EBB0592A5C422800E4E31F /* TriangleTestStore.swift */; };
		54EBB05C2A5C423800E4E31F /* DelaunayScene.swift in Sources */ = {isa = PBXBuildFile; fileRef = 54EBB05B2A5C423800E4E31F /* DelaunayScene.swift */; };
		54EBB05E2A5C424200E4E31F /* DelaunaySceneView.swift in Sources */ = {isa = PBXBuildFile; fileRef = 54EBB05D2A5C424200E4E31F /* DelaunaySceneView.swift */; };
		54EBB0602A5C433F00E4E31F /* MainViewModel.swift in Sources */ = {isa = PBXBuildFile; fileRef = 54EBB05F2A5C433F00E4E31F /* MainViewModel.swift */; };
/* End PBXBuildFile section */

/* Begin PBXFileReference section */
		546B6E4C2B1284BA00653827 /* Tests */ = {isa = PBXFileReference; lastKnownFileType = folder; path = Tests; sourceTree = "<group>"; };
		546B6E4E2B1284D200653827 /* TriangulationTestBank.swift */ = {isa = PBXFileReference; lastKnownFileType = sourcecode.swift; path = TriangulationTestBank.swift; sourceTree = "<group>"; };
		54B9F4032AE9A16C00D41836 /* ConvexScene.swift */ = {isa = PBXFileReference; lastKnownFileType = sourcecode.swift; path = ConvexScene.swift; sourceTree = "<group>"; };
		54B9F4052AE9A19300D41836 /* ConvexSceneView.swift */ = {isa = PBXFileReference; lastKnownFileType = sourcecode.swift; path = ConvexSceneView.swift; sourceTree = "<group>"; };
		54D994602A8A79C100C52A86 /* ConditionScene.swift */ = {isa = PBXFileReference; lastKnownFileType = sourcecode.swift; path = ConditionScene.swift; sourceTree = "<group>"; };
		54D994622A8A79CF00C52A86 /* ConditionSceneView.swift */ = {isa = PBXFileReference; lastKnownFileType = sourcecode.swift; path = ConditionSceneView.swift; sourceTree = "<group>"; };
		54D994642A8A7A1300C52A86 /* ConditionTestStore.swift */ = {isa = PBXFileReference; lastKnownFileType = sourcecode.swift; path = ConditionTestStore.swift; sourceTree = "<group>"; };
		54E32C072A8B937B008C56F8 /* DynamicScene.swift */ = {isa = PBXFileReference; lastKnownFileType = sourcecode.swift; path = DynamicScene.swift; sourceTree = "<group>"; };
		54E32C092A8B938D008C56F8 /* DynamicSceneView.swift */ = {isa = PBXFileReference; lastKnownFileType = sourcecode.swift; path = DynamicSceneView.swift; sourceTree = "<group>"; };
		54E32C0B2A8B95DB008C56F8 /* StarTestStore.swift */ = {isa = PBXFileReference; lastKnownFileType = sourcecode.swift; path = StarTestStore.swift; sourceTree = "<group>"; };
		54EBB0302A5C3FE000E4E31F /* iTriangleDebug.app */ = {isa = PBXFileReference; explicitFileType = wrapper.application; includeInIndex = 0; path = iTriangleDebug.app; sourceTree = BUILT_PRODUCTS_DIR; };
		54EBB0332A5C3FE000E4E31F /* iTriangleDebugApp.swift */ = {isa = PBXFileReference; lastKnownFileType = sourcecode.swift; path = iTriangleDebugApp.swift; sourceTree = "<group>"; };
		54EBB0352A5C3FE000E4E31F /* MainView.swift */ = {isa = PBXFileReference; lastKnownFileType = sourcecode.swift; path = MainView.swift; sourceTree = "<group>"; };
		54EBB0372A5C3FE100E4E31F /* Assets.xcassets */ = {isa = PBXFileReference; lastKnownFileType = folder.assetcatalog; path = Assets.xcassets; sourceTree = "<group>"; };
		54EBB0392A5C3FE100E4E31F /* iTriangleDebug.entitlements */ = {isa = PBXFileReference; lastKnownFileType = text.plist.entitlements; path = iTriangleDebug.entitlements; sourceTree = "<group>"; };
		54EBB03B2A5C3FE100E4E31F /* Preview Assets.xcassets */ = {isa = PBXFileReference; lastKnownFileType = folder.assetcatalog; path = "Preview Assets.xcassets"; sourceTree = "<group>"; };
		54EBB0452A5C40B900E4E31F /* SceneContainer.swift */ = {isa = PBXFileReference; lastKnownFileType = sourcecode.swift; path = SceneContainer.swift; sourceTree = "<group>"; };
		54EBB0472A5C40E000E4E31F /* TestStore.swift */ = {isa = PBXFileReference; lastKnownFileType = sourcecode.swift; path = TestStore.swift; sourceTree = "<group>"; };
		54EBB04B2A5C416600E4E31F /* MonotoneScene.swift */ = {isa = PBXFileReference; lastKnownFileType = sourcecode.swift; path = MonotoneScene.swift; sourceTree = "<group>"; };
		54EBB04D2A5C417100E4E31F /* MonotoneSceneView.swift */ = {isa = PBXFileReference; lastKnownFileType = sourcecode.swift; path = MonotoneSceneView.swift; sourceTree = "<group>"; };
		54EBB04F2A5C417C00E4E31F /* TVert.swift */ = {isa = PBXFileReference; lastKnownFileType = sourcecode.swift; path = TVert.swift; sourceTree = "<group>"; };
		54EBB0512A5C418900E4E31F /* MPoly.swift */ = {isa = PBXFileReference; lastKnownFileType = sourcecode.swift; path = MPoly.swift; sourceTree = "<group>"; };
		54EBB0592A5C422800E4E31F /* TriangleTestStore.swift */ = {isa = PBXFileReference; lastKnownFileType = sourcecode.swift; path = TriangleTestStore.swift; sourceTree = "<group>"; };
		54EBB05B2A5C423800E4E31F /* DelaunayScene.swift */ = {isa = PBXFileReference; lastKnownFileType = sourcecode.swift; path = DelaunayScene.swift; sourceTree = "<group>"; };
		54EBB05D2A5C424200E4E31F /* DelaunaySceneView.swift */ = {isa = PBXFileReference; lastKnownFileType = sourcecode.swift; path = DelaunaySceneView.swift; sourceTree = "<group>"; };
		54EBB05F2A5C433F00E4E31F /* MainViewModel.swift */ = {isa = PBXFileReference; lastKnownFileType = sourcecode.swift; path = MainViewModel.swift; sourceTree = "<group>"; };
		54F4FBA22A8F5E53006AFBE9 /* iFixFloat */ = {isa = PBXFileReference; lastKnownFileType = wrapper; name = iFixFloat; path = ../../iFixFloat; sourceTree = "<group>"; };
		54F4FBA32A8F5E67006AFBE9 /* iOverlay */ = {isa = PBXFileReference; lastKnownFileType = wrapper; name = iOverlay; path = ../../iOverlay; sourceTree = "<group>"; };
		54F4FBA42A8F5E7D006AFBE9 /* iShape */ = {isa = PBXFileReference; lastKnownFileType = wrapper; name = iShape; path = ../../iShape; sourceTree = "<group>"; };
		54F4FBA52A8F5E86006AFBE9 /* iDebug */ = {isa = PBXFileReference; lastKnownFileType = wrapper; name = iDebug; path = ../../iDebug; sourceTree = "<group>"; };
		54F4FBA62A8F5EAB006AFBE9 /* iTriangle */ = {isa = PBXFileReference; lastKnownFileType = wrapper; name = iTriangle; path = ../../iTriangle; sourceTree = "<group>"; };
/* End PBXFileReference section */

/* Begin PBXFrameworksBuildPhase section */
		54EBB02D2A5C3FE000E4E31F /* Frameworks */ = {
			isa = PBXFrameworksBuildPhase;
			buildActionMask = 2147483647;
			files = (
				546E13932A8F5F8900AE53C6 /* iShape in Frameworks */,
				546E138D2A8F5F8900AE53C6 /* iDebug in Frameworks */,
				546E13912A8F5F8900AE53C6 /* iOverlay in Frameworks */,
				546E13952A8F5F8900AE53C6 /* iTriangle in Frameworks */,
				546E138F2A8F5F8900AE53C6 /* iFixFloat in Frameworks */,
			);
			runOnlyForDeploymentPostprocessing = 0;
		};
/* End PBXFrameworksBuildPhase section */

/* Begin PBXGroup section */
		54B9F4022AE9A15400D41836 /* Convex */ = {
			isa = PBXGroup;
			children = (
				54B9F4032AE9A16C00D41836 /* ConvexScene.swift */,
				54B9F4052AE9A19300D41836 /* ConvexSceneView.swift */,
			);
			path = Convex;
			sourceTree = "<group>";
		};
		54D9945F2A8A79AE00C52A86 /* Condition */ = {
			isa = PBXGroup;
			children = (
				54D994602A8A79C100C52A86 /* ConditionScene.swift */,
				54D994622A8A79CF00C52A86 /* ConditionSceneView.swift */,
			);
			path = Condition;
			sourceTree = "<group>";
		};
		54E32C062A8B935F008C56F8 /* Dynamic */ = {
			isa = PBXGroup;
			children = (
				54E32C072A8B937B008C56F8 /* DynamicScene.swift */,
				54E32C092A8B938D008C56F8 /* DynamicSceneView.swift */,
				54E32C0B2A8B95DB008C56F8 /* StarTestStore.swift */,
			);
			path = Dynamic;
			sourceTree = "<group>";
		};
		54EBB0272A5C3FE000E4E31F = {
			isa = PBXGroup;
			children = (
				54EBB0532A5C419A00E4E31F /* Packages */,
				54EBB0322A5C3FE000E4E31F /* iTriangleDebug */,
				54EBB0312A5C3FE000E4E31F /* Products */,
				54EBB0612A5C4BC500E4E31F /* Frameworks */,
			);
			sourceTree = "<group>";
		};
		54EBB0312A5C3FE000E4E31F /* Products */ = {
			isa = PBXGroup;
			children = (
				54EBB0302A5C3FE000E4E31F /* iTriangleDebug.app */,
			);
			name = Products;
			sourceTree = "<group>";
		};
		54EBB0322A5C3FE000E4E31F /* iTriangleDebug */ = {
			isa = PBXGroup;
			children = (
				54EBB0442A5C409200E4E31F /* Test */,
				54EBB0432A5C408D00E4E31F /* Scene */,
				54EBB0422A5C3FF500E4E31F /* Main */,
				54EBB0332A5C3FE000E4E31F /* iTriangleDebugApp.swift */,
				54EBB0372A5C3FE100E4E31F /* Assets.xcassets */,
				54EBB0392A5C3FE100E4E31F /* iTriangleDebug.entitlements */,
				54EBB03A2A5C3FE100E4E31F /* Preview Content */,
			);
			path = iTriangleDebug;
			sourceTree = "<group>";
		};
		54EBB03A2A5C3FE100E4E31F /* Preview Content */ = {
			isa = PBXGroup;
			children = (
				54EBB03B2A5C3FE100E4E31F /* Preview Assets.xcassets */,
			);
			path = "Preview Content";
			sourceTree = "<group>";
		};
		54EBB0422A5C3FF500E4E31F /* Main */ = {
			isa = PBXGroup;
			children = (
				54EBB0352A5C3FE000E4E31F /* MainView.swift */,
				54EBB05F2A5C433F00E4E31F /* MainViewModel.swift */,
			);
			path = Main;
			sourceTree = "<group>";
		};
		54EBB0432A5C408D00E4E31F /* Scene */ = {
			isa = PBXGroup;
			children = (
				54B9F4022AE9A15400D41836 /* Convex */,
				54E32C062A8B935F008C56F8 /* Dynamic */,
				54D9945F2A8A79AE00C52A86 /* Condition */,
				54EBB04A2A5C40FD00E4E31F /* Monotone */,
				54EBB0492A5C40F200E4E31F /* Delaunay */,
				54EBB0452A5C40B900E4E31F /* SceneContainer.swift */,
				54EBB0592A5C422800E4E31F /* TriangleTestStore.swift */,
				54D994642A8A7A1300C52A86 /* ConditionTestStore.swift */,
			);
			path = Scene;
			sourceTree = "<group>";
		};
		54EBB0442A5C409200E4E31F /* Test */ = {
			isa = PBXGroup;
			children = (
				546B6E4C2B1284BA00653827 /* Tests */,
				54EBB0472A5C40E000E4E31F /* TestStore.swift */,
				546B6E4E2B1284D200653827 /* TriangulationTestBank.swift */,
			);
			path = Test;
			sourceTree = "<group>";
		};
		54EBB0492A5C40F200E4E31F /* Delaunay */ = {
			isa = PBXGroup;
			children = (
				54EBB05B2A5C423800E4E31F /* DelaunayScene.swift */,
				54EBB05D2A5C424200E4E31F /* DelaunaySceneView.swift */,
			);
			path = Delaunay;
			sourceTree = "<group>";
		};
		54EBB04A2A5C40FD00E4E31F /* Monotone */ = {
			isa = PBXGroup;
			children = (
				54EBB04B2A5C416600E4E31F /* MonotoneScene.swift */,
				54EBB04D2A5C417100E4E31F /* MonotoneSceneView.swift */,
				54EBB04F2A5C417C00E4E31F /* TVert.swift */,
				54EBB0512A5C418900E4E31F /* MPoly.swift */,
			);
			path = Monotone;
			sourceTree = "<group>";
		};
		54EBB0532A5C419A00E4E31F /* Packages */ = {
			isa = PBXGroup;
			children = (
				54F4FBA22A8F5E53006AFBE9 /* iFixFloat */,
				54F4FBA32A8F5E67006AFBE9 /* iOverlay */,
				54F4FBA42A8F5E7D006AFBE9 /* iShape */,
				54F4FBA52A8F5E86006AFBE9 /* iDebug */,
				54F4FBA62A8F5EAB006AFBE9 /* iTriangle */,
			);
			name = Packages;
			sourceTree = "<group>";
		};
		54EBB0612A5C4BC500E4E31F /* Frameworks */ = {
			isa = PBXGroup;
			children = (
			);
			name = Frameworks;
			sourceTree = "<group>";
		};
/* End PBXGroup section */

/* Begin PBXNativeTarget section */
		54EBB02F2A5C3FE000E4E31F /* iTriangleDebug */ = {
			isa = PBXNativeTarget;
			buildConfigurationList = 54EBB03F2A5C3FE100E4E31F /* Build configuration list for PBXNativeTarget "iTriangleDebug" */;
			buildPhases = (
				54EBB02C2A5C3FE000E4E31F /* Sources */,
				54EBB02D2A5C3FE000E4E31F /* Frameworks */,
				54EBB02E2A5C3FE000E4E31F /* Resources */,
			);
			buildRules = (
			);
			dependencies = (
			);
			name = iTriangleDebug;
			packageProductDependencies = (
				546E138C2A8F5F8900AE53C6 /* iDebug */,
				546E138E2A8F5F8900AE53C6 /* iFixFloat */,
				546E13902A8F5F8900AE53C6 /* iOverlay */,
				546E13922A8F5F8900AE53C6 /* iShape */,
				546E13942A8F5F8900AE53C6 /* iTriangle */,
			);
			productName = iTriangleDebug;
			productReference = 54EBB0302A5C3FE000E4E31F /* iTriangleDebug.app */;
			productType = "com.apple.product-type.application";
		};
/* End PBXNativeTarget section */

/* Begin PBXProject section */
		54EBB0282A5C3FE000E4E31F /* Project object */ = {
			isa = PBXProject;
			attributes = {
				BuildIndependentTargetsInParallel = 1;
				LastSwiftUpdateCheck = 1430;
				LastUpgradeCheck = 1430;
				TargetAttributes = {
					54EBB02F2A5C3FE000E4E31F = {
						CreatedOnToolsVersion = 14.3;
					};
				};
			};
			buildConfigurationList = 54EBB02B2A5C3FE000E4E31F /* Build configuration list for PBXProject "iTriangleDebug" */;
			compatibilityVersion = "Xcode 14.0";
			developmentRegion = en;
			hasScannedForEncodings = 0;
			knownRegions = (
				en,
				Base,
			);
			mainGroup = 54EBB0272A5C3FE000E4E31F;
			productRefGroup = 54EBB0312A5C3FE000E4E31F /* Products */;
			projectDirPath = "";
			projectRoot = "";
			targets = (
				54EBB02F2A5C3FE000E4E31F /* iTriangleDebug */,
			);
		};
/* End PBXProject section */

/* Begin PBXResourcesBuildPhase section */
		54EBB02E2A5C3FE000E4E31F /* Resources */ = {
			isa = PBXResourcesBuildPhase;
			buildActionMask = 2147483647;
			files = (
				546B6E4D2B1284BA00653827 /* Tests in Resources */,
				54EBB03C2A5C3FE100E4E31F /* Preview Assets.xcassets in Resources */,
				54EBB0382A5C3FE100E4E31F /* Assets.xcassets in Resources */,
			);
			runOnlyForDeploymentPostprocessing = 0;
		};
/* End PBXResourcesBuildPhase section */

/* Begin PBXSourcesBuildPhase section */
		54EBB02C2A5C3FE000E4E31F /* Sources */ = {
			isa = PBXSourcesBuildPhase;
			buildActionMask = 2147483647;
			files = (
				54E32C082A8B937B008C56F8 /* DynamicScene.swift in Sources */,
				54EBB04E2A5C417100E4E31F /* MonotoneSceneView.swift in Sources */,
				54EBB04C2A5C416600E4E31F /* MonotoneScene.swift in Sources */,
				54EBB0362A5C3FE000E4E31F /* MainView.swift in Sources */,
				54D994632A8A79CF00C52A86 /* ConditionSceneView.swift in Sources */,
				54E32C0C2A8B95DB008C56F8 /* StarTestStore.swift in Sources */,
				54EBB05C2A5C423800E4E31F /* DelaunayScene.swift in Sources */,
				54EBB05E2A5C424200E4E31F /* DelaunaySceneView.swift in Sources */,
				54D994612A8A79C100C52A86 /* ConditionScene.swift in Sources */,
				54E32C0A2A8B938D008C56F8 /* DynamicSceneView.swift in Sources */,
				54EBB0342A5C3FE000E4E31F /* iTriangleDebugApp.swift in Sources */,
				54EBB0462A5C40B900E4E31F /* SceneContainer.swift in Sources */,
				54D994652A8A7A1300C52A86 /* ConditionTestStore.swift in Sources */,
				54EBB05A2A5C422800E4E31F /* TriangleTestStore.swift in Sources */,
				54EBB0502A5C417C00E4E31F /* TVert.swift in Sources */,
				546B6E4F2B1284D200653827 /* TriangulationTestBank.swift in Sources */,
				54EBB0482A5C40E000E4E31F /* TestStore.swift in Sources */,
				54B9F4062AE9A19300D41836 /* ConvexSceneView.swift in Sources */,
				54EBB0522A5C418900E4E31F /* MPoly.swift in Sources */,
				54B9F4042AE9A16C00D41836 /* ConvexScene.swift in Sources */,
				54EBB0602A5C433F00E4E31F /* MainViewModel.swift in Sources */,
			);
			runOnlyForDeploymentPostprocessing = 0;
		};
/* End PBXSourcesBuildPhase section */

/* Begin XCBuildConfiguration section */
		54EBB03D2A5C3FE100E4E31F /* Debug */ = {
			isa = XCBuildConfiguration;
			buildSettings = {
				ALWAYS_SEARCH_USER_PATHS = NO;
				CLANG_ANALYZER_NONNULL = YES;
				CLANG_ANALYZER_NUMBER_OBJECT_CONVERSION = YES_AGGRESSIVE;
				CLANG_CXX_LANGUAGE_STANDARD = "gnu++20";
				CLANG_ENABLE_MODULES = YES;
				CLANG_ENABLE_OBJC_ARC = YES;
				CLANG_ENABLE_OBJC_WEAK = YES;
				CLANG_WARN_BLOCK_CAPTURE_AUTORELEASING = YES;
				CLANG_WARN_BOOL_CONVERSION = YES;
				CLANG_WARN_COMMA = YES;
				CLANG_WARN_CONSTANT_CONVERSION = YES;
				CLANG_WARN_DEPRECATED_OBJC_IMPLEMENTATIONS = YES;
				CLANG_WARN_DIRECT_OBJC_ISA_USAGE = YES_ERROR;
				CLANG_WARN_DOCUMENTATION_COMMENTS = YES;
				CLANG_WARN_EMPTY_BODY = YES;
				CLANG_WARN_ENUM_CONVERSION = YES;
				CLANG_WARN_INFINITE_RECURSION = YES;
				CLANG_WARN_INT_CONVERSION = YES;
				CLANG_WARN_NON_LITERAL_NULL_CONVERSION = YES;
				CLANG_WARN_OBJC_IMPLICIT_RETAIN_SELF = YES;
				CLANG_WARN_OBJC_LITERAL_CONVERSION = YES;
				CLANG_WARN_OBJC_ROOT_CLASS = YES_ERROR;
				CLANG_WARN_QUOTED_INCLUDE_IN_FRAMEWORK_HEADER = YES;
				CLANG_WARN_RANGE_LOOP_ANALYSIS = YES;
				CLANG_WARN_STRICT_PROTOTYPES = YES;
				CLANG_WARN_SUSPICIOUS_MOVE = YES;
				CLANG_WARN_UNGUARDED_AVAILABILITY = YES_AGGRESSIVE;
				CLANG_WARN_UNREACHABLE_CODE = YES;
				CLANG_WARN__DUPLICATE_METHOD_MATCH = YES;
				COPY_PHASE_STRIP = NO;
				DEBUG_INFORMATION_FORMAT = dwarf;
				ENABLE_STRICT_OBJC_MSGSEND = YES;
				ENABLE_TESTABILITY = YES;
				GCC_C_LANGUAGE_STANDARD = gnu11;
				GCC_DYNAMIC_NO_PIC = NO;
				GCC_NO_COMMON_BLOCKS = YES;
				GCC_OPTIMIZATION_LEVEL = 0;
				GCC_PREPROCESSOR_DEFINITIONS = (
					"DEBUG=1",
					"$(inherited)",
				);
				GCC_WARN_64_TO_32_BIT_CONVERSION = YES;
				GCC_WARN_ABOUT_RETURN_TYPE = YES_ERROR;
				GCC_WARN_UNDECLARED_SELECTOR = YES;
				GCC_WARN_UNINITIALIZED_AUTOS = YES_AGGRESSIVE;
				GCC_WARN_UNUSED_FUNCTION = YES;
				GCC_WARN_UNUSED_VARIABLE = YES;
				MTL_ENABLE_DEBUG_INFO = INCLUDE_SOURCE;
				MTL_FAST_MATH = YES;
				ONLY_ACTIVE_ARCH = YES;
				SWIFT_ACTIVE_COMPILATION_CONDITIONS = DEBUG;
				SWIFT_OPTIMIZATION_LEVEL = "-Onone";
			};
			name = Debug;
		};
		54EBB03E2A5C3FE100E4E31F /* Release */ = {
			isa = XCBuildConfiguration;
			buildSettings = {
				ALWAYS_SEARCH_USER_PATHS = NO;
				CLANG_ANALYZER_NONNULL = YES;
				CLANG_ANALYZER_NUMBER_OBJECT_CONVERSION = YES_AGGRESSIVE;
				CLANG_CXX_LANGUAGE_STANDARD = "gnu++20";
				CLANG_ENABLE_MODULES = YES;
				CLANG_ENABLE_OBJC_ARC = YES;
				CLANG_ENABLE_OBJC_WEAK = YES;
				CLANG_WARN_BLOCK_CAPTURE_AUTORELEASING = YES;
				CLANG_WARN_BOOL_CONVERSION = YES;
				CLANG_WARN_COMMA = YES;
				CLANG_WARN_CONSTANT_CONVERSION = YES;
				CLANG_WARN_DEPRECATED_OBJC_IMPLEMENTATIONS = YES;
				CLANG_WARN_DIRECT_OBJC_ISA_USAGE = YES_ERROR;
				CLANG_WARN_DOCUMENTATION_COMMENTS = YES;
				CLANG_WARN_EMPTY_BODY = YES;
				CLANG_WARN_ENUM_CONVERSION = YES;
				CLANG_WARN_INFINITE_RECURSION = YES;
				CLANG_WARN_INT_CONVERSION = YES;
				CLANG_WARN_NON_LITERAL_NULL_CONVERSION = YES;
				CLANG_WARN_OBJC_IMPLICIT_RETAIN_SELF = YES;
				CLANG_WARN_OBJC_LITERAL_CONVERSION = YES;
				CLANG_WARN_OBJC_ROOT_CLASS = YES_ERROR;
				CLANG_WARN_QUOTED_INCLUDE_IN_FRAMEWORK_HEADER = YES;
				CLANG_WARN_RANGE_LOOP_ANALYSIS = YES;
				CLANG_WARN_STRICT_PROTOTYPES = YES;
				CLANG_WARN_SUSPICIOUS_MOVE = YES;
				CLANG_WARN_UNGUARDED_AVAILABILITY = YES_AGGRESSIVE;
				CLANG_WARN_UNREACHABLE_CODE = YES;
				CLANG_WARN__DUPLICATE_METHOD_MATCH = YES;
				COPY_PHASE_STRIP = NO;
				DEBUG_INFORMATION_FORMAT = "dwarf-with-dsym";
				ENABLE_NS_ASSERTIONS = NO;
				ENABLE_STRICT_OBJC_MSGSEND = YES;
				GCC_C_LANGUAGE_STANDARD = gnu11;
				GCC_NO_COMMON_BLOCKS = YES;
				GCC_WARN_64_TO_32_BIT_CONVERSION = YES;
				GCC_WARN_ABOUT_RETURN_TYPE = YES_ERROR;
				GCC_WARN_UNDECLARED_SELECTOR = YES;
				GCC_WARN_UNINITIALIZED_AUTOS = YES_AGGRESSIVE;
				GCC_WARN_UNUSED_FUNCTION = YES;
				GCC_WARN_UNUSED_VARIABLE = YES;
				MTL_ENABLE_DEBUG_INFO = NO;
				MTL_FAST_MATH = YES;
				SWIFT_COMPILATION_MODE = wholemodule;
				SWIFT_OPTIMIZATION_LEVEL = "-O";
			};
			name = Release;
		};
		54EBB0402A5C3FE100E4E31F /* Debug */ = {
			isa = XCBuildConfiguration;
			buildSettings = {
				ASSETCATALOG_COMPILER_APPICON_NAME = AppIcon;
				ASSETCATALOG_COMPILER_GLOBAL_ACCENT_COLOR_NAME = AccentColor;
				CODE_SIGN_ENTITLEMENTS = iTriangleDebug/iTriangleDebug.entitlements;
				CODE_SIGN_STYLE = Automatic;
				CURRENT_PROJECT_VERSION = 1;
				DEVELOPMENT_ASSET_PATHS = "\"iTriangleDebug/Preview Content\"";
				DEVELOPMENT_TEAM = HPV9E52JPX;
				ENABLE_HARDENED_RUNTIME = YES;
				ENABLE_PREVIEWS = YES;
				GENERATE_INFOPLIST_FILE = YES;
				"INFOPLIST_KEY_UIApplicationSceneManifest_Generation[sdk=iphoneos*]" = YES;
				"INFOPLIST_KEY_UIApplicationSceneManifest_Generation[sdk=iphonesimulator*]" = YES;
				"INFOPLIST_KEY_UIApplicationSupportsIndirectInputEvents[sdk=iphoneos*]" = YES;
				"INFOPLIST_KEY_UIApplicationSupportsIndirectInputEvents[sdk=iphonesimulator*]" = YES;
				"INFOPLIST_KEY_UILaunchScreen_Generation[sdk=iphoneos*]" = YES;
				"INFOPLIST_KEY_UILaunchScreen_Generation[sdk=iphonesimulator*]" = YES;
				"INFOPLIST_KEY_UIStatusBarStyle[sdk=iphoneos*]" = UIStatusBarStyleDefault;
				"INFOPLIST_KEY_UIStatusBarStyle[sdk=iphonesimulator*]" = UIStatusBarStyleDefault;
				INFOPLIST_KEY_UISupportedInterfaceOrientations_iPad = "UIInterfaceOrientationPortrait UIInterfaceOrientationPortraitUpsideDown UIInterfaceOrientationLandscapeLeft UIInterfaceOrientationLandscapeRight";
				INFOPLIST_KEY_UISupportedInterfaceOrientations_iPhone = "UIInterfaceOrientationPortrait UIInterfaceOrientationLandscapeLeft UIInterfaceOrientationLandscapeRight";
				IPHONEOS_DEPLOYMENT_TARGET = 16.4;
				LD_RUNPATH_SEARCH_PATHS = "@executable_path/Frameworks";
				"LD_RUNPATH_SEARCH_PATHS[sdk=macosx*]" = "@executable_path/../Frameworks";
				MACOSX_DEPLOYMENT_TARGET = 13.3;
				MARKETING_VERSION = 1.0;
				PRODUCT_BUNDLE_IDENTIFIER = com.nail.iTriangleDebug;
				PRODUCT_NAME = "$(TARGET_NAME)";
				SDKROOT = auto;
				SUPPORTED_PLATFORMS = "iphoneos iphonesimulator macosx";
				SWIFT_EMIT_LOC_STRINGS = YES;
				SWIFT_VERSION = 5.0;
				TARGETED_DEVICE_FAMILY = "1,2";
			};
			name = Debug;
		};
		54EBB0412A5C3FE100E4E31F /* Release */ = {
			isa = XCBuildConfiguration;
			buildSettings = {
				ASSETCATALOG_COMPILER_APPICON_NAME = AppIcon;
				ASSETCATALOG_COMPILER_GLOBAL_ACCENT_COLOR_NAME = AccentColor;
				CODE_SIGN_ENTITLEMENTS = iTriangleDebug/iTriangleDebug.entitlements;
				CODE_SIGN_STYLE = Automatic;
				CURRENT_PROJECT_VERSION = 1;
				DEVELOPMENT_ASSET_PATHS = "\"iTriangleDebug/Preview Content\"";
				DEVELOPMENT_TEAM = HPV9E52JPX;
				ENABLE_HARDENED_RUNTIME = YES;
				ENABLE_PREVIEWS = YES;
				GENERATE_INFOPLIST_FILE = YES;
				"INFOPLIST_KEY_UIApplicationSceneManifest_Generation[sdk=iphoneos*]" = YES;
				"INFOPLIST_KEY_UIApplicationSceneManifest_Generation[sdk=iphonesimulator*]" = YES;
				"INFOPLIST_KEY_UIApplicationSupportsIndirectInputEvents[sdk=iphoneos*]" = YES;
				"INFOPLIST_KEY_UIApplicationSupportsIndirectInputEvents[sdk=iphonesimulator*]" = YES;
				"INFOPLIST_KEY_UILaunchScreen_Generation[sdk=iphoneos*]" = YES;
				"INFOPLIST_KEY_UILaunchScreen_Generation[sdk=iphonesimulator*]" = YES;
				"INFOPLIST_KEY_UIStatusBarStyle[sdk=iphoneos*]" = UIStatusBarStyleDefault;
				"INFOPLIST_KEY_UIStatusBarStyle[sdk=iphonesimulator*]" = UIStatusBarStyleDefault;
				INFOPLIST_KEY_UISupportedInterfaceOrientations_iPad = "UIInterfaceOrientationPortrait UIInterfaceOrientationPortraitUpsideDown UIInterfaceOrientationLandscapeLeft UIInterfaceOrientationLandscapeRight";
				INFOPLIST_KEY_UISupportedInterfaceOrientations_iPhone = "UIInterfaceOrientationPortrait UIInterfaceOrientationLandscapeLeft UIInterfaceOrientationLandscapeRight";
				IPHONEOS_DEPLOYMENT_TARGET = 16.4;
				LD_RUNPATH_SEARCH_PATHS = "@executable_path/Frameworks";
				"LD_RUNPATH_SEARCH_PATHS[sdk=macosx*]" = "@executable_path/../Frameworks";
				MACOSX_DEPLOYMENT_TARGET = 13.3;
				MARKETING_VERSION = 1.0;
				PRODUCT_BUNDLE_IDENTIFIER = com.nail.iTriangleDebug;
				PRODUCT_NAME = "$(TARGET_NAME)";
				SDKROOT = auto;
				SUPPORTED_PLATFORMS = "iphoneos iphonesimulator macosx";
				SWIFT_EMIT_LOC_STRINGS = YES;
				SWIFT_VERSION = 5.0;
				TARGETED_DEVICE_FAMILY = "1,2";
			};
			name = Release;
		};
/* End XCBuildConfiguration section */

/* Begin XCConfigurationList section */
		54EBB02B2A5C3FE000E4E31F /* Build configuration list for PBXProject "iTriangleDebug" */ = {
			isa = XCConfigurationList;
			buildConfigurations = (
				54EBB03D2A5C3FE100E4E31F /* Debug */,
				54EBB03E2A5C3FE100E4E31F /* Release */,
			);
			defaultConfigurationIsVisible = 0;
			defaultConfigurationName = Release;
		};
		54EBB03F2A5C3FE100E4E31F /* Build configuration list for PBXNativeTarget "iTriangleDebug" */ = {
			isa = XCConfigurationList;
			buildConfigurations = (
				54EBB0402A5C3FE100E4E31F /* Debug */,
				54EBB0412A5C3FE100E4E31F /* Release */,
			);
			defaultConfigurationIsVisible = 0;
			defaultConfigurationName = Release;
		};
/* End XCConfigurationList section */

/* Begin XCSwiftPackageProductDependency section */
		546E138C2A8F5F8900AE53C6 /* iDebug */ = {
			isa = XCSwiftPackageProductDependency;
			productName = iDebug;
		};
		546E138E2A8F5F8900AE53C6 /* iFixFloat */ = {
			isa = XCSwiftPackageProductDependency;
			productName = iFixFloat;
		};
		546E13902A8F5F8900AE53C6 /* iOverlay */ = {
			isa = XCSwiftPackageProductDependency;
			productName = iOverlay;
		};
		546E13922A8F5F8900AE53C6 /* iShape */ = {
			isa = XCSwiftPackageProductDependency;
			productName = iShape;
		};
		546E13942A8F5F8900AE53C6 /* iTriangle */ = {
			isa = XCSwiftPackageProductDependency;
			productName = iTriangle;
		};
/* End XCSwiftPackageProductDependency section */
	};
	rootObject = 54EBB0282A5C3FE000E4E31F /* Project object */;
}
